// !$*UTF8*$!
{
	archiveVersion = 1;
	classes = {
	};
	objectVersion = 55;
	objects = {

/* Begin PBXBuildFile section */
		2317305529B1D684002CF0A6 /* AskQuestionCollectionViewCell.swift in Sources */ = {isa = PBXBuildFile; fileRef = 2317305429B1D684002CF0A6 /* AskQuestionCollectionViewCell.swift */; };
		2317305729B1D6DF002CF0A6 /* NsMutableAttributedString+.swift in Sources */ = {isa = PBXBuildFile; fileRef = 2317305629B1D6DF002CF0A6 /* NsMutableAttributedString+.swift */; };
		2317305929B302B4002CF0A6 /* AskQuestionSectionModel.swift in Sources */ = {isa = PBXBuildFile; fileRef = 2317305829B302B4002CF0A6 /* AskQuestionSectionModel.swift */; };
		2317305B29B4ADBA002CF0A6 /* adjusted+.swift in Sources */ = {isa = PBXBuildFile; fileRef = 2317305A29B4ADBA002CF0A6 /* adjusted+.swift */; };
		234BB76A29AC8DE70039B47F /* MusicPreviewCollectionViewCell.swift in Sources */ = {isa = PBXBuildFile; fileRef = 234BB76929AC8DE70039B47F /* MusicPreviewCollectionViewCell.swift */; };
		2358F43129AC933A00AC4018 /* UIStackView+.swift in Sources */ = {isa = PBXBuildFile; fileRef = 2358F43029AC933A00AC4018 /* UIStackView+.swift */; };
		2358F43329AC941700AC4018 /* SearchSectionModel.swift in Sources */ = {isa = PBXBuildFile; fileRef = 2358F43229AC941700AC4018 /* SearchSectionModel.swift */; };
		2358F43529AC98A900AC4018 /* SearchReactor.swift in Sources */ = {isa = PBXBuildFile; fileRef = 2358F43429AC98A900AC4018 /* SearchReactor.swift */; };
		2358F43E29ACDE6E00AC4018 /* Then in Frameworks */ = {isa = PBXBuildFile; productRef = 2358F43D29ACDE6E00AC4018 /* Then */; };
		235E196F296BD8C0004D18AB /* AppDelegate.swift in Sources */ = {isa = PBXBuildFile; fileRef = 235E196E296BD8C0004D18AB /* AppDelegate.swift */; };
		235E1971296BD8C0004D18AB /* SceneDelegate.swift in Sources */ = {isa = PBXBuildFile; fileRef = 235E1970296BD8C0004D18AB /* SceneDelegate.swift */; };
		235E1973296BD8C0004D18AB /* ViewController.swift in Sources */ = {isa = PBXBuildFile; fileRef = 235E1972296BD8C0004D18AB /* ViewController.swift */; };
		235E1978296BD8C1004D18AB /* Assets.xcassets in Resources */ = {isa = PBXBuildFile; fileRef = 235E1977296BD8C1004D18AB /* Assets.xcassets */; };
		235E197B296BD8C1004D18AB /* LaunchScreen.storyboard in Resources */ = {isa = PBXBuildFile; fileRef = 235E1979296BD8C1004D18AB /* LaunchScreen.storyboard */; };
		235E199B296BEB0E004D18AB /* BaseViewController.swift in Sources */ = {isa = PBXBuildFile; fileRef = 235E199A296BEB0E004D18AB /* BaseViewController.swift */; };
		235E199D296BEB29004D18AB /* BaseView.swift in Sources */ = {isa = PBXBuildFile; fileRef = 235E199C296BEB29004D18AB /* BaseView.swift */; };
		235E199F296BEB69004D18AB /* BaseCollectionViewCell.swift in Sources */ = {isa = PBXBuildFile; fileRef = 235E199E296BEB69004D18AB /* BaseCollectionViewCell.swift */; };
		235FD3ED29A5DDF30073E91B /* SearchViewController.swift in Sources */ = {isa = PBXBuildFile; fileRef = 235FD3EC29A5DDF30073E91B /* SearchViewController.swift */; };
		235FD3EF29A5E1BC0073E91B /* Image.swift in Sources */ = {isa = PBXBuildFile; fileRef = 235FD3EE29A5E1BC0073E91B /* Image.swift */; };
		235FD3F129A5E3B40073E91B /* UIView+.swift in Sources */ = {isa = PBXBuildFile; fileRef = 235FD3F029A5E3B40073E91B /* UIView+.swift */; };
		235FD3F329A5E5480073E91B /* Color.swift in Sources */ = {isa = PBXBuildFile; fileRef = 235FD3F229A5E5480073E91B /* Color.swift */; };
		23CB524B29B603B7008FDFC9 /* BottomSheetViewController.swift in Sources */ = {isa = PBXBuildFile; fileRef = 23CB524A29B603B7008FDFC9 /* BottomSheetViewController.swift */; };
		EBEFCFAE392734F539680359 /* Pods_Cassetie_iOS.framework in Frameworks */ = {isa = PBXBuildFile; fileRef = 6A1A4FC6AEA720F57869BA3C /* Pods_Cassetie_iOS.framework */; };
/* End PBXBuildFile section */

/* Begin PBXFileReference section */
		2317305429B1D684002CF0A6 /* AskQuestionCollectionViewCell.swift */ = {isa = PBXFileReference; lastKnownFileType = sourcecode.swift; path = AskQuestionCollectionViewCell.swift; sourceTree = "<group>"; };
		2317305629B1D6DF002CF0A6 /* NsMutableAttributedString+.swift */ = {isa = PBXFileReference; lastKnownFileType = sourcecode.swift; path = "NsMutableAttributedString+.swift"; sourceTree = "<group>"; };
		2317305829B302B4002CF0A6 /* AskQuestionSectionModel.swift */ = {isa = PBXFileReference; lastKnownFileType = sourcecode.swift; path = AskQuestionSectionModel.swift; sourceTree = "<group>"; };
		2317305A29B4ADBA002CF0A6 /* adjusted+.swift */ = {isa = PBXFileReference; lastKnownFileType = sourcecode.swift; path = "adjusted+.swift"; sourceTree = "<group>"; };
		234BB76929AC8DE70039B47F /* MusicPreviewCollectionViewCell.swift */ = {isa = PBXFileReference; lastKnownFileType = sourcecode.swift; path = MusicPreviewCollectionViewCell.swift; sourceTree = "<group>"; };
		2358F43029AC933A00AC4018 /* UIStackView+.swift */ = {isa = PBXFileReference; lastKnownFileType = sourcecode.swift; path = "UIStackView+.swift"; sourceTree = "<group>"; };
		2358F43229AC941700AC4018 /* SearchSectionModel.swift */ = {isa = PBXFileReference; lastKnownFileType = sourcecode.swift; path = SearchSectionModel.swift; sourceTree = "<group>"; };
		2358F43429AC98A900AC4018 /* SearchReactor.swift */ = {isa = PBXFileReference; lastKnownFileType = sourcecode.swift; path = SearchReactor.swift; sourceTree = "<group>"; };
		235E196B296BD8C0004D18AB /* Cassetie-iOS.app */ = {isa = PBXFileReference; explicitFileType = wrapper.application; includeInIndex = 0; path = "Cassetie-iOS.app"; sourceTree = BUILT_PRODUCTS_DIR; };
		235E196E296BD8C0004D18AB /* AppDelegate.swift */ = {isa = PBXFileReference; lastKnownFileType = sourcecode.swift; path = AppDelegate.swift; sourceTree = "<group>"; };
		235E1970296BD8C0004D18AB /* SceneDelegate.swift */ = {isa = PBXFileReference; lastKnownFileType = sourcecode.swift; path = SceneDelegate.swift; sourceTree = "<group>"; };
		235E1972296BD8C0004D18AB /* ViewController.swift */ = {isa = PBXFileReference; lastKnownFileType = sourcecode.swift; path = ViewController.swift; sourceTree = "<group>"; };
		235E1977296BD8C1004D18AB /* Assets.xcassets */ = {isa = PBXFileReference; lastKnownFileType = folder.assetcatalog; path = Assets.xcassets; sourceTree = "<group>"; };
		235E197A296BD8C1004D18AB /* Base */ = {isa = PBXFileReference; lastKnownFileType = file.storyboard; name = Base; path = Base.lproj/LaunchScreen.storyboard; sourceTree = "<group>"; };
		235E197C296BD8C1004D18AB /* Info.plist */ = {isa = PBXFileReference; lastKnownFileType = text.plist.xml; path = Info.plist; sourceTree = "<group>"; };
		235E199A296BEB0E004D18AB /* BaseViewController.swift */ = {isa = PBXFileReference; lastKnownFileType = sourcecode.swift; path = BaseViewController.swift; sourceTree = "<group>"; };
		235E199C296BEB29004D18AB /* BaseView.swift */ = {isa = PBXFileReference; lastKnownFileType = sourcecode.swift; path = BaseView.swift; sourceTree = "<group>"; };
		235E199E296BEB69004D18AB /* BaseCollectionViewCell.swift */ = {isa = PBXFileReference; lastKnownFileType = sourcecode.swift; path = BaseCollectionViewCell.swift; sourceTree = "<group>"; };
		235FD3EC29A5DDF30073E91B /* SearchViewController.swift */ = {isa = PBXFileReference; lastKnownFileType = sourcecode.swift; path = SearchViewController.swift; sourceTree = "<group>"; };
		235FD3EE29A5E1BC0073E91B /* Image.swift */ = {isa = PBXFileReference; lastKnownFileType = sourcecode.swift; path = Image.swift; sourceTree = "<group>"; };
		235FD3F029A5E3B40073E91B /* UIView+.swift */ = {isa = PBXFileReference; lastKnownFileType = sourcecode.swift; path = "UIView+.swift"; sourceTree = "<group>"; };
		235FD3F229A5E5480073E91B /* Color.swift */ = {isa = PBXFileReference; lastKnownFileType = sourcecode.swift; path = Color.swift; sourceTree = "<group>"; };
		23CB524A29B603B7008FDFC9 /* BottomSheetViewController.swift */ = {isa = PBXFileReference; lastKnownFileType = sourcecode.swift; path = BottomSheetViewController.swift; sourceTree = "<group>"; };
		3134774965F20CB9B9725826 /* Pods-Cassetie-iOS.debug.xcconfig */ = {isa = PBXFileReference; includeInIndex = 1; lastKnownFileType = text.xcconfig; name = "Pods-Cassetie-iOS.debug.xcconfig"; path = "Target Support Files/Pods-Cassetie-iOS/Pods-Cassetie-iOS.debug.xcconfig"; sourceTree = "<group>"; };
		52A5A4D6D18D0DF268E13BAD /* Pods-Cassetie-iOS.release.xcconfig */ = {isa = PBXFileReference; includeInIndex = 1; lastKnownFileType = text.xcconfig; name = "Pods-Cassetie-iOS.release.xcconfig"; path = "Target Support Files/Pods-Cassetie-iOS/Pods-Cassetie-iOS.release.xcconfig"; sourceTree = "<group>"; };
		6A1A4FC6AEA720F57869BA3C /* Pods_Cassetie_iOS.framework */ = {isa = PBXFileReference; explicitFileType = wrapper.framework; includeInIndex = 0; path = Pods_Cassetie_iOS.framework; sourceTree = BUILT_PRODUCTS_DIR; };
/* End PBXFileReference section */

/* Begin PBXFrameworksBuildPhase section */
		235E1968296BD8C0004D18AB /* Frameworks */ = {
			isa = PBXFrameworksBuildPhase;
			buildActionMask = 2147483647;
			files = (
				EBEFCFAE392734F539680359 /* Pods_Cassetie_iOS.framework in Frameworks */,
				2358F43E29ACDE6E00AC4018 /* Then in Frameworks */,
			);
			runOnlyForDeploymentPostprocessing = 0;
		};
/* End PBXFrameworksBuildPhase section */

/* Begin PBXGroup section */
		234BB76729AC8D8F0039B47F /* Search */ = {
			isa = PBXGroup;
			children = (
				235FD3EC29A5DDF30073E91B /* SearchViewController.swift */,
				2358F43229AC941700AC4018 /* SearchSectionModel.swift */,
				2358F43429AC98A900AC4018 /* SearchReactor.swift */,
				2317305829B302B4002CF0A6 /* AskQuestionSectionModel.swift */,
			);
			path = Search;
			sourceTree = "<group>";
		};
		234BB76829AC8D970039B47F /* Search */ = {
			isa = PBXGroup;
			children = (
				234BB76929AC8DE70039B47F /* MusicPreviewCollectionViewCell.swift */,
				2317305429B1D684002CF0A6 /* AskQuestionCollectionViewCell.swift */,
			);
			path = Search;
			sourceTree = "<group>";
		};
		235E1962296BD8C0004D18AB = {
			isa = PBXGroup;
			children = (
				235E196D296BD8C0004D18AB /* Cassetie-iOS */,
				235E196C296BD8C0004D18AB /* Products */,
				521FA62856034BD7F8267128 /* Pods */,
				B6D88815606EE5DE87F9562A /* Frameworks */,
			);
			sourceTree = "<group>";
		};
		235E196C296BD8C0004D18AB /* Products */ = {
			isa = PBXGroup;
			children = (
				235E196B296BD8C0004D18AB /* Cassetie-iOS.app */,
			);
			name = Products;
			sourceTree = "<group>";
		};
		235E196D296BD8C0004D18AB /* Cassetie-iOS */ = {
			isa = PBXGroup;
			children = (
				235E198A296BE33B004D18AB /* Support */,
				235E1984296BDC4A004D18AB /* Resource */,
				235E1983296BDC46004D18AB /* Source */,
			);
			path = "Cassetie-iOS";
			sourceTree = "<group>";
		};
		235E1983296BDC46004D18AB /* Source */ = {
			isa = PBXGroup;
			children = (
				235E1985296BDD91004D18AB /* Base */,
				235E1987296BDDB0004D18AB /* Extension */,
				235E1986296BDD9B004D18AB /* Network */,
				235E1988296BDDB9004D18AB /* View */,
				235E1989296BDDBD004D18AB /* ViewController */,
				235E1970296BD8C0004D18AB /* SceneDelegate.swift */,
				235E196E296BD8C0004D18AB /* AppDelegate.swift */,
			);
			path = Source;
			sourceTree = "<group>";
		};
		235E1984296BDC4A004D18AB /* Resource */ = {
			isa = PBXGroup;
			children = (
				235E1977296BD8C1004D18AB /* Assets.xcassets */,
				235E1979296BD8C1004D18AB /* LaunchScreen.storyboard */,
				235FD3EE29A5E1BC0073E91B /* Image.swift */,
				235FD3F229A5E5480073E91B /* Color.swift */,
			);
			path = Resource;
			sourceTree = "<group>";
		};
		235E1985296BDD91004D18AB /* Base */ = {
			isa = PBXGroup;
			children = (
				235E199A296BEB0E004D18AB /* BaseViewController.swift */,
				235E199C296BEB29004D18AB /* BaseView.swift */,
				235E199E296BEB69004D18AB /* BaseCollectionViewCell.swift */,
			);
			path = Base;
			sourceTree = "<group>";
		};
		235E1986296BDD9B004D18AB /* Network */ = {
			isa = PBXGroup;
			children = (
			);
			path = Network;
			sourceTree = "<group>";
		};
		235E1987296BDDB0004D18AB /* Extension */ = {
			isa = PBXGroup;
			children = (
				235FD3F029A5E3B40073E91B /* UIView+.swift */,
				2358F43029AC933A00AC4018 /* UIStackView+.swift */,
				2317305629B1D6DF002CF0A6 /* NsMutableAttributedString+.swift */,
				2317305A29B4ADBA002CF0A6 /* adjusted+.swift */,
			);
			path = Extension;
			sourceTree = "<group>";
		};
		235E1988296BDDB9004D18AB /* View */ = {
			isa = PBXGroup;
			children = (
				234BB76829AC8D970039B47F /* Search */,
			);
			path = View;
			sourceTree = "<group>";
		};
		235E1989296BDDBD004D18AB /* ViewController */ = {
			isa = PBXGroup;
			children = (
				23CB524929B603A5008FDFC9 /* BottomSheet */,
				234BB76729AC8D8F0039B47F /* Search */,
				235E1972296BD8C0004D18AB /* ViewController.swift */,
			);
			path = ViewController;
			sourceTree = "<group>";
		};
		235E198A296BE33B004D18AB /* Support */ = {
			isa = PBXGroup;
			children = (
				235E197C296BD8C1004D18AB /* Info.plist */,
			);
			path = Support;
			sourceTree = "<group>";
		};
		23CB524929B603A5008FDFC9 /* BottomSheet */ = {
			isa = PBXGroup;
			children = (
				23CB524A29B603B7008FDFC9 /* BottomSheetViewController.swift */,
			);
			path = BottomSheet;
			sourceTree = "<group>";
		};
		521FA62856034BD7F8267128 /* Pods */ = {
			isa = PBXGroup;
			children = (
				3134774965F20CB9B9725826 /* Pods-Cassetie-iOS.debug.xcconfig */,
				52A5A4D6D18D0DF268E13BAD /* Pods-Cassetie-iOS.release.xcconfig */,
			);
			path = Pods;
			sourceTree = "<group>";
		};
		B6D88815606EE5DE87F9562A /* Frameworks */ = {
			isa = PBXGroup;
			children = (
				6A1A4FC6AEA720F57869BA3C /* Pods_Cassetie_iOS.framework */,
			);
			name = Frameworks;
			sourceTree = "<group>";
		};
/* End PBXGroup section */

/* Begin PBXNativeTarget section */
		235E196A296BD8C0004D18AB /* Cassetie-iOS */ = {
			isa = PBXNativeTarget;
			buildConfigurationList = 235E197F296BD8C1004D18AB /* Build configuration list for PBXNativeTarget "Cassetie-iOS" */;
			buildPhases = (
				49994725BF33F3161EAD034B /* [CP] Check Pods Manifest.lock */,
				235E1967296BD8C0004D18AB /* Sources */,
				235E1968296BD8C0004D18AB /* Frameworks */,
				235E1969296BD8C0004D18AB /* Resources */,
				4295C26156844BE24EB3D8AA /* [CP] Embed Pods Frameworks */,
			);
			buildRules = (
			);
			dependencies = (
			);
			name = "Cassetie-iOS";
			packageProductDependencies = (
				2358F43D29ACDE6E00AC4018 /* Then */,
			);
			productName = "Cassetie-iOS";
			productReference = 235E196B296BD8C0004D18AB /* Cassetie-iOS.app */;
			productType = "com.apple.product-type.application";
		};
/* End PBXNativeTarget section */

/* Begin PBXProject section */
		235E1963296BD8C0004D18AB /* Project object */ = {
			isa = PBXProject;
			attributes = {
				BuildIndependentTargetsInParallel = 1;
				LastSwiftUpdateCheck = 1400;
				LastUpgradeCheck = 1400;
				TargetAttributes = {
					235E196A296BD8C0004D18AB = {
						CreatedOnToolsVersion = 14.0.1;
					};
				};
			};
			buildConfigurationList = 235E1966296BD8C0004D18AB /* Build configuration list for PBXProject "Cassetie-iOS" */;
			compatibilityVersion = "Xcode 13.0";
			developmentRegion = en;
			hasScannedForEncodings = 0;
			knownRegions = (
				en,
				Base,
			);
			mainGroup = 235E1962296BD8C0004D18AB;
			packageReferences = (
				2358F43C29ACDE6E00AC4018 /* XCRemoteSwiftPackageReference "Then" */,
			);
			productRefGroup = 235E196C296BD8C0004D18AB /* Products */;
			projectDirPath = "";
			projectRoot = "";
			targets = (
				235E196A296BD8C0004D18AB /* Cassetie-iOS */,
			);
		};
/* End PBXProject section */

/* Begin PBXResourcesBuildPhase section */
		235E1969296BD8C0004D18AB /* Resources */ = {
			isa = PBXResourcesBuildPhase;
			buildActionMask = 2147483647;
			files = (
				235E197B296BD8C1004D18AB /* LaunchScreen.storyboard in Resources */,
				235E1978296BD8C1004D18AB /* Assets.xcassets in Resources */,
			);
			runOnlyForDeploymentPostprocessing = 0;
		};
/* End PBXResourcesBuildPhase section */

/* Begin PBXShellScriptBuildPhase section */
		4295C26156844BE24EB3D8AA /* [CP] Embed Pods Frameworks */ = {
			isa = PBXShellScriptBuildPhase;
			buildActionMask = 2147483647;
			files = (
			);
			inputFileListPaths = (
				"${PODS_ROOT}/Target Support Files/Pods-Cassetie-iOS/Pods-Cassetie-iOS-frameworks-${CONFIGURATION}-input-files.xcfilelist",
			);
			name = "[CP] Embed Pods Frameworks";
			outputFileListPaths = (
				"${PODS_ROOT}/Target Support Files/Pods-Cassetie-iOS/Pods-Cassetie-iOS-frameworks-${CONFIGURATION}-output-files.xcfilelist",
			);
			runOnlyForDeploymentPostprocessing = 0;
			shellPath = /bin/sh;
			shellScript = "\"${PODS_ROOT}/Target Support Files/Pods-Cassetie-iOS/Pods-Cassetie-iOS-frameworks.sh\"\n";
			showEnvVarsInLog = 0;
		};
		49994725BF33F3161EAD034B /* [CP] Check Pods Manifest.lock */ = {
			isa = PBXShellScriptBuildPhase;
			buildActionMask = 2147483647;
			files = (
			);
			inputFileListPaths = (
			);
			inputPaths = (
				"${PODS_PODFILE_DIR_PATH}/Podfile.lock",
				"${PODS_ROOT}/Manifest.lock",
			);
			name = "[CP] Check Pods Manifest.lock";
			outputFileListPaths = (
			);
			outputPaths = (
				"$(DERIVED_FILE_DIR)/Pods-Cassetie-iOS-checkManifestLockResult.txt",
			);
			runOnlyForDeploymentPostprocessing = 0;
			shellPath = /bin/sh;
			shellScript = "diff \"${PODS_PODFILE_DIR_PATH}/Podfile.lock\" \"${PODS_ROOT}/Manifest.lock\" > /dev/null\nif [ $? != 0 ] ; then\n    # print error to STDERR\n    echo \"error: The sandbox is not in sync with the Podfile.lock. Run 'pod install' or update your CocoaPods installation.\" >&2\n    exit 1\nfi\n# This output is used by Xcode 'outputs' to avoid re-running this script phase.\necho \"SUCCESS\" > \"${SCRIPT_OUTPUT_FILE_0}\"\n";
			showEnvVarsInLog = 0;
		};
/* End PBXShellScriptBuildPhase section */

/* Begin PBXSourcesBuildPhase section */
		235E1967296BD8C0004D18AB /* Sources */ = {
			isa = PBXSourcesBuildPhase;
			buildActionMask = 2147483647;
			files = (
				2317305729B1D6DF002CF0A6 /* NsMutableAttributedString+.swift in Sources */,
				235E1973296BD8C0004D18AB /* ViewController.swift in Sources */,
				235FD3EF29A5E1BC0073E91B /* Image.swift in Sources */,
				235FD3ED29A5DDF30073E91B /* SearchViewController.swift in Sources */,
				235FD3F329A5E5480073E91B /* Color.swift in Sources */,
				2317305529B1D684002CF0A6 /* AskQuestionCollectionViewCell.swift in Sources */,
				235E199B296BEB0E004D18AB /* BaseViewController.swift in Sources */,
				235E199D296BEB29004D18AB /* BaseView.swift in Sources */,
				234BB76A29AC8DE70039B47F /* MusicPreviewCollectionViewCell.swift in Sources */,
				2317305B29B4ADBA002CF0A6 /* adjusted+.swift in Sources */,
				2317305929B302B4002CF0A6 /* AskQuestionSectionModel.swift in Sources */,
				2358F43129AC933A00AC4018 /* UIStackView+.swift in Sources */,
				235E196F296BD8C0004D18AB /* AppDelegate.swift in Sources */,
				23CB524B29B603B7008FDFC9 /* BottomSheetViewController.swift in Sources */,
				235FD3F129A5E3B40073E91B /* UIView+.swift in Sources */,
				2358F43329AC941700AC4018 /* SearchSectionModel.swift in Sources */,
				235E1971296BD8C0004D18AB /* SceneDelegate.swift in Sources */,
				2358F43529AC98A900AC4018 /* SearchReactor.swift in Sources */,
				235E199F296BEB69004D18AB /* BaseCollectionViewCell.swift in Sources */,
			);
			runOnlyForDeploymentPostprocessing = 0;
		};
/* End PBXSourcesBuildPhase section */

/* Begin PBXVariantGroup section */
		235E1979296BD8C1004D18AB /* LaunchScreen.storyboard */ = {
			isa = PBXVariantGroup;
			children = (
				235E197A296BD8C1004D18AB /* Base */,
			);
			name = LaunchScreen.storyboard;
			sourceTree = "<group>";
		};
/* End PBXVariantGroup section */

/* Begin XCBuildConfiguration section */
		235E197D296BD8C1004D18AB /* Debug */ = {
			isa = XCBuildConfiguration;
			buildSettings = {
				ALWAYS_SEARCH_USER_PATHS = NO;
				CLANG_ANALYZER_NONNULL = YES;
				CLANG_ANALYZER_NUMBER_OBJECT_CONVERSION = YES_AGGRESSIVE;
				CLANG_CXX_LANGUAGE_STANDARD = "gnu++20";
				CLANG_ENABLE_MODULES = YES;
				CLANG_ENABLE_OBJC_ARC = YES;
				CLANG_ENABLE_OBJC_WEAK = YES;
				CLANG_WARN_BLOCK_CAPTURE_AUTORELEASING = YES;
				CLANG_WARN_BOOL_CONVERSION = YES;
				CLANG_WARN_COMMA = YES;
				CLANG_WARN_CONSTANT_CONVERSION = YES;
				CLANG_WARN_DEPRECATED_OBJC_IMPLEMENTATIONS = YES;
				CLANG_WARN_DIRECT_OBJC_ISA_USAGE = YES_ERROR;
				CLANG_WARN_DOCUMENTATION_COMMENTS = YES;
				CLANG_WARN_EMPTY_BODY = YES;
				CLANG_WARN_ENUM_CONVERSION = YES;
				CLANG_WARN_INFINITE_RECURSION = YES;
				CLANG_WARN_INT_CONVERSION = YES;
				CLANG_WARN_NON_LITERAL_NULL_CONVERSION = YES;
				CLANG_WARN_OBJC_IMPLICIT_RETAIN_SELF = YES;
				CLANG_WARN_OBJC_LITERAL_CONVERSION = YES;
				CLANG_WARN_OBJC_ROOT_CLASS = YES_ERROR;
				CLANG_WARN_QUOTED_INCLUDE_IN_FRAMEWORK_HEADER = YES;
				CLANG_WARN_RANGE_LOOP_ANALYSIS = YES;
				CLANG_WARN_STRICT_PROTOTYPES = YES;
				CLANG_WARN_SUSPICIOUS_MOVE = YES;
				CLANG_WARN_UNGUARDED_AVAILABILITY = YES_AGGRESSIVE;
				CLANG_WARN_UNREACHABLE_CODE = YES;
				CLANG_WARN__DUPLICATE_METHOD_MATCH = YES;
				COPY_PHASE_STRIP = NO;
				DEBUG_INFORMATION_FORMAT = dwarf;
				ENABLE_STRICT_OBJC_MSGSEND = YES;
				ENABLE_TESTABILITY = YES;
				GCC_C_LANGUAGE_STANDARD = gnu11;
				GCC_DYNAMIC_NO_PIC = NO;
				GCC_NO_COMMON_BLOCKS = YES;
				GCC_OPTIMIZATION_LEVEL = 0;
				GCC_PREPROCESSOR_DEFINITIONS = (
					"DEBUG=1",
					"$(inherited)",
				);
				GCC_WARN_64_TO_32_BIT_CONVERSION = YES;
				GCC_WARN_ABOUT_RETURN_TYPE = YES_ERROR;
				GCC_WARN_UNDECLARED_SELECTOR = YES;
				GCC_WARN_UNINITIALIZED_AUTOS = YES_AGGRESSIVE;
				GCC_WARN_UNUSED_FUNCTION = YES;
				GCC_WARN_UNUSED_VARIABLE = YES;
				IPHONEOS_DEPLOYMENT_TARGET = 16.0;
				MTL_ENABLE_DEBUG_INFO = INCLUDE_SOURCE;
				MTL_FAST_MATH = YES;
				ONLY_ACTIVE_ARCH = YES;
				SDKROOT = iphoneos;
				SWIFT_ACTIVE_COMPILATION_CONDITIONS = DEBUG;
				SWIFT_OPTIMIZATION_LEVEL = "-Onone";
			};
			name = Debug;
		};
		235E197E296BD8C1004D18AB /* Release */ = {
			isa = XCBuildConfiguration;
			buildSettings = {
				ALWAYS_SEARCH_USER_PATHS = NO;
				CLANG_ANALYZER_NONNULL = YES;
				CLANG_ANALYZER_NUMBER_OBJECT_CONVERSION = YES_AGGRESSIVE;
				CLANG_CXX_LANGUAGE_STANDARD = "gnu++20";
				CLANG_ENABLE_MODULES = YES;
				CLANG_ENABLE_OBJC_ARC = YES;
				CLANG_ENABLE_OBJC_WEAK = YES;
				CLANG_WARN_BLOCK_CAPTURE_AUTORELEASING = YES;
				CLANG_WARN_BOOL_CONVERSION = YES;
				CLANG_WARN_COMMA = YES;
				CLANG_WARN_CONSTANT_CONVERSION = YES;
				CLANG_WARN_DEPRECATED_OBJC_IMPLEMENTATIONS = YES;
				CLANG_WARN_DIRECT_OBJC_ISA_USAGE = YES_ERROR;
				CLANG_WARN_DOCUMENTATION_COMMENTS = YES;
				CLANG_WARN_EMPTY_BODY = YES;
				CLANG_WARN_ENUM_CONVERSION = YES;
				CLANG_WARN_INFINITE_RECURSION = YES;
				CLANG_WARN_INT_CONVERSION = YES;
				CLANG_WARN_NON_LITERAL_NULL_CONVERSION = YES;
				CLANG_WARN_OBJC_IMPLICIT_RETAIN_SELF = YES;
				CLANG_WARN_OBJC_LITERAL_CONVERSION = YES;
				CLANG_WARN_OBJC_ROOT_CLASS = YES_ERROR;
				CLANG_WARN_QUOTED_INCLUDE_IN_FRAMEWORK_HEADER = YES;
				CLANG_WARN_RANGE_LOOP_ANALYSIS = YES;
				CLANG_WARN_STRICT_PROTOTYPES = YES;
				CLANG_WARN_SUSPICIOUS_MOVE = YES;
				CLANG_WARN_UNGUARDED_AVAILABILITY = YES_AGGRESSIVE;
				CLANG_WARN_UNREACHABLE_CODE = YES;
				CLANG_WARN__DUPLICATE_METHOD_MATCH = YES;
				COPY_PHASE_STRIP = NO;
				DEBUG_INFORMATION_FORMAT = "dwarf-with-dsym";
				ENABLE_NS_ASSERTIONS = NO;
				ENABLE_STRICT_OBJC_MSGSEND = YES;
				GCC_C_LANGUAGE_STANDARD = gnu11;
				GCC_NO_COMMON_BLOCKS = YES;
				GCC_WARN_64_TO_32_BIT_CONVERSION = YES;
				GCC_WARN_ABOUT_RETURN_TYPE = YES_ERROR;
				GCC_WARN_UNDECLARED_SELECTOR = YES;
				GCC_WARN_UNINITIALIZED_AUTOS = YES_AGGRESSIVE;
				GCC_WARN_UNUSED_FUNCTION = YES;
				GCC_WARN_UNUSED_VARIABLE = YES;
				IPHONEOS_DEPLOYMENT_TARGET = 16.0;
				MTL_ENABLE_DEBUG_INFO = NO;
				MTL_FAST_MATH = YES;
				SDKROOT = iphoneos;
				SWIFT_COMPILATION_MODE = wholemodule;
				SWIFT_OPTIMIZATION_LEVEL = "-O";
				VALIDATE_PRODUCT = YES;
			};
			name = Release;
		};
		235E1980296BD8C1004D18AB /* Debug */ = {
			isa = XCBuildConfiguration;
			baseConfigurationReference = 3134774965F20CB9B9725826 /* Pods-Cassetie-iOS.debug.xcconfig */;
			buildSettings = {
				ASSETCATALOG_COMPILER_APPICON_NAME = AppIcon;
				ASSETCATALOG_COMPILER_GLOBAL_ACCENT_COLOR_NAME = AccentColor;
				CODE_SIGN_STYLE = Automatic;
				CURRENT_PROJECT_VERSION = 1;
				DEVELOPMENT_TEAM = 272QNH7NKN;
				GENERATE_INFOPLIST_FILE = YES;
				INFOPLIST_FILE = "Cassetie-iOS/Support/Info.plist";
				INFOPLIST_KEY_UIApplicationSupportsIndirectInputEvents = YES;
				INFOPLIST_KEY_UILaunchStoryboardName = LaunchScreen;
				INFOPLIST_KEY_UIMainStoryboardFile = "";
				INFOPLIST_KEY_UISupportedInterfaceOrientations = "UIInterfaceOrientationLandscapeLeft UIInterfaceOrientationLandscapeRight UIInterfaceOrientationPortrait";
				INFOPLIST_KEY_UISupportedInterfaceOrientations_iPad = "UIInterfaceOrientationPortrait UIInterfaceOrientationPortraitUpsideDown";
				IPHONEOS_DEPLOYMENT_TARGET = 15.1;
				LD_RUNPATH_SEARCH_PATHS = (
					"$(inherited)",
					"@executable_path/Frameworks",
				);
				MARKETING_VERSION = 1.0;
				PRODUCT_BUNDLE_IDENTIFIER = "team-TBSC.Cassetie-iOS";
				PRODUCT_NAME = "$(TARGET_NAME)";
				SUPPORTED_PLATFORMS = "iphoneos iphonesimulator";
				SUPPORTS_MACCATALYST = NO;
				SUPPORTS_MAC_DESIGNED_FOR_IPHONE_IPAD = NO;
				SWIFT_EMIT_LOC_STRINGS = YES;
				SWIFT_VERSION = 5.0;
				TARGETED_DEVICE_FAMILY = 2;
			};
			name = Debug;
		};
		235E1981296BD8C1004D18AB /* Release */ = {
			isa = XCBuildConfiguration;
			baseConfigurationReference = 52A5A4D6D18D0DF268E13BAD /* Pods-Cassetie-iOS.release.xcconfig */;
			buildSettings = {
				ASSETCATALOG_COMPILER_APPICON_NAME = AppIcon;
				ASSETCATALOG_COMPILER_GLOBAL_ACCENT_COLOR_NAME = AccentColor;
				CODE_SIGN_STYLE = Automatic;
				CURRENT_PROJECT_VERSION = 1;
				DEVELOPMENT_TEAM = 272QNH7NKN;
				GENERATE_INFOPLIST_FILE = YES;
				INFOPLIST_FILE = "Cassetie-iOS/Support/Info.plist";
				INFOPLIST_KEY_UIApplicationSupportsIndirectInputEvents = YES;
				INFOPLIST_KEY_UILaunchStoryboardName = LaunchScreen;
				INFOPLIST_KEY_UIMainStoryboardFile = "";
				INFOPLIST_KEY_UISupportedInterfaceOrientations = "UIInterfaceOrientationLandscapeLeft UIInterfaceOrientationLandscapeRight UIInterfaceOrientationPortrait";
				INFOPLIST_KEY_UISupportedInterfaceOrientations_iPad = "UIInterfaceOrientationPortrait UIInterfaceOrientationPortraitUpsideDown";
				IPHONEOS_DEPLOYMENT_TARGET = 15.1;
				LD_RUNPATH_SEARCH_PATHS = (
					"$(inherited)",
					"@executable_path/Frameworks",
				);
				MARKETING_VERSION = 1.0;
				PRODUCT_BUNDLE_IDENTIFIER = "team-TBSC.Cassetie-iOS";
				PRODUCT_NAME = "$(TARGET_NAME)";
				SUPPORTED_PLATFORMS = "iphoneos iphonesimulator";
				SUPPORTS_MACCATALYST = NO;
				SUPPORTS_MAC_DESIGNED_FOR_IPHONE_IPAD = NO;
				SWIFT_EMIT_LOC_STRINGS = YES;
				SWIFT_VERSION = 5.0;
				TARGETED_DEVICE_FAMILY = 2;
			};
			name = Release;
		};
/* End XCBuildConfiguration section */

/* Begin XCConfigurationList section */
		235E1966296BD8C0004D18AB /* Build configuration list for PBXProject "Cassetie-iOS" */ = {
			isa = XCConfigurationList;
			buildConfigurations = (
				235E197D296BD8C1004D18AB /* Debug */,
				235E197E296BD8C1004D18AB /* Release */,
			);
			defaultConfigurationIsVisible = 0;
			defaultConfigurationName = Release;
		};
		235E197F296BD8C1004D18AB /* Build configuration list for PBXNativeTarget "Cassetie-iOS" */ = {
			isa = XCConfigurationList;
			buildConfigurations = (
				235E1980296BD8C1004D18AB /* Debug */,
				235E1981296BD8C1004D18AB /* Release */,
			);
			defaultConfigurationIsVisible = 0;
			defaultConfigurationName = Release;
		};
/* End XCConfigurationList section */

/* Begin XCRemoteSwiftPackageReference section */
		2358F43C29ACDE6E00AC4018 /* XCRemoteSwiftPackageReference "Then" */ = {
			isa = XCRemoteSwiftPackageReference;
			repositoryURL = "https://github.com/devxoul/Then";
			requirement = {
				kind = upToNextMajorVersion;
				minimumVersion = 3.0.0;
			};
		};
/* End XCRemoteSwiftPackageReference section */

/* Begin XCSwiftPackageProductDependency section */
		2358F43D29ACDE6E00AC4018 /* Then */ = {
			isa = XCSwiftPackageProductDependency;
			package = 2358F43C29ACDE6E00AC4018 /* XCRemoteSwiftPackageReference "Then" */;
			productName = Then;
		};
/* End XCSwiftPackageProductDependency section */
	};
	rootObject = 235E1963296BD8C0004D18AB /* Project object */;
}
