// !$*UTF8*$!
{
	archiveVersion = 1;
	classes = {
	};
	objectVersion = 56;
	objects = {

/* Begin PBXBuildFile section */
		235E196F296BD8C0004D18AB /* AppDelegate.swift in Sources */ = {isa = PBXBuildFile; fileRef = 235E196E296BD8C0004D18AB /* AppDelegate.swift */; };
		235E1971296BD8C0004D18AB /* SceneDelegate.swift in Sources */ = {isa = PBXBuildFile; fileRef = 235E1970296BD8C0004D18AB /* SceneDelegate.swift */; };
		235E1973296BD8C0004D18AB /* ViewController.swift in Sources */ = {isa = PBXBuildFile; fileRef = 235E1972296BD8C0004D18AB /* ViewController.swift */; };
		235E1978296BD8C1004D18AB /* Assets.xcassets in Resources */ = {isa = PBXBuildFile; fileRef = 235E1977296BD8C1004D18AB /* Assets.xcassets */; };
		235E197B296BD8C1004D18AB /* LaunchScreen.storyboard in Resources */ = {isa = PBXBuildFile; fileRef = 235E1979296BD8C1004D18AB /* LaunchScreen.storyboard */; };
		235E198D296BE3B7004D18AB /* SnapKit in Frameworks */ = {isa = PBXBuildFile; productRef = 235E198C296BE3B7004D18AB /* SnapKit */; };
		235E1990296BE3C1004D18AB /* Then in Frameworks */ = {isa = PBXBuildFile; productRef = 235E198F296BE3C1004D18AB /* Then */; };
		235E1993296BE445004D18AB /* RxCocoa in Frameworks */ = {isa = PBXBuildFile; productRef = 235E1992296BE445004D18AB /* RxCocoa */; };
		235E1995296BE445004D18AB /* RxCocoa-Dynamic in Frameworks */ = {isa = PBXBuildFile; productRef = 235E1994296BE445004D18AB /* RxCocoa-Dynamic */; };
		235E1997296BE445004D18AB /* RxSwift in Frameworks */ = {isa = PBXBuildFile; productRef = 235E1996296BE445004D18AB /* RxSwift */; };
		235E1999296BE445004D18AB /* RxSwift-Dynamic in Frameworks */ = {isa = PBXBuildFile; productRef = 235E1998296BE445004D18AB /* RxSwift-Dynamic */; };
/* End PBXBuildFile section */

/* Begin PBXFileReference section */
		235E196B296BD8C0004D18AB /* Cassetie-iOS.app */ = {isa = PBXFileReference; explicitFileType = wrapper.application; includeInIndex = 0; path = "Cassetie-iOS.app"; sourceTree = BUILT_PRODUCTS_DIR; };
		235E196E296BD8C0004D18AB /* AppDelegate.swift */ = {isa = PBXFileReference; lastKnownFileType = sourcecode.swift; path = AppDelegate.swift; sourceTree = "<group>"; };
		235E1970296BD8C0004D18AB /* SceneDelegate.swift */ = {isa = PBXFileReference; lastKnownFileType = sourcecode.swift; path = SceneDelegate.swift; sourceTree = "<group>"; };
		235E1972296BD8C0004D18AB /* ViewController.swift */ = {isa = PBXFileReference; lastKnownFileType = sourcecode.swift; path = ViewController.swift; sourceTree = "<group>"; };
		235E1977296BD8C1004D18AB /* Assets.xcassets */ = {isa = PBXFileReference; lastKnownFileType = folder.assetcatalog; path = Assets.xcassets; sourceTree = "<group>"; };
		235E197A296BD8C1004D18AB /* Base */ = {isa = PBXFileReference; lastKnownFileType = file.storyboard; name = Base; path = Base.lproj/LaunchScreen.storyboard; sourceTree = "<group>"; };
		235E197C296BD8C1004D18AB /* Info.plist */ = {isa = PBXFileReference; lastKnownFileType = text.plist.xml; path = Info.plist; sourceTree = "<group>"; };
/* End PBXFileReference section */

/* Begin PBXFrameworksBuildPhase section */
		235E1968296BD8C0004D18AB /* Frameworks */ = {
			isa = PBXFrameworksBuildPhase;
			buildActionMask = 2147483647;
			files = (
				235E1995296BE445004D18AB /* RxCocoa-Dynamic in Frameworks */,
				235E1993296BE445004D18AB /* RxCocoa in Frameworks */,
				235E1997296BE445004D18AB /* RxSwift in Frameworks */,
				235E198D296BE3B7004D18AB /* SnapKit in Frameworks */,
				235E1999296BE445004D18AB /* RxSwift-Dynamic in Frameworks */,
				235E1990296BE3C1004D18AB /* Then in Frameworks */,
			);
			runOnlyForDeploymentPostprocessing = 0;
		};
/* End PBXFrameworksBuildPhase section */

/* Begin PBXGroup section */
		235E1962296BD8C0004D18AB = {
			isa = PBXGroup;
			children = (
				235E196D296BD8C0004D18AB /* Cassetie-iOS */,
				235E196C296BD8C0004D18AB /* Products */,
			);
			sourceTree = "<group>";
		};
		235E196C296BD8C0004D18AB /* Products */ = {
			isa = PBXGroup;
			children = (
				235E196B296BD8C0004D18AB /* Cassetie-iOS.app */,
			);
			name = Products;
			sourceTree = "<group>";
		};
		235E196D296BD8C0004D18AB /* Cassetie-iOS */ = {
			isa = PBXGroup;
			children = (
				235E198A296BE33B004D18AB /* Support */,
				235E1984296BDC4A004D18AB /* Resource */,
				235E1983296BDC46004D18AB /* Source */,
			);
			path = "Cassetie-iOS";
			sourceTree = "<group>";
		};
		235E1983296BDC46004D18AB /* Source */ = {
			isa = PBXGroup;
			children = (
				235E1985296BDD91004D18AB /* Base */,
				235E1987296BDDB0004D18AB /* Extension */,
				235E1986296BDD9B004D18AB /* Network */,
				235E1988296BDDB9004D18AB /* View */,
				235E1989296BDDBD004D18AB /* ViewController */,
				235E1970296BD8C0004D18AB /* SceneDelegate.swift */,
				235E196E296BD8C0004D18AB /* AppDelegate.swift */,
			);
			path = Source;
			sourceTree = "<group>";
		};
		235E1984296BDC4A004D18AB /* Resource */ = {
			isa = PBXGroup;
			children = (
				235E1977296BD8C1004D18AB /* Assets.xcassets */,
				235E1979296BD8C1004D18AB /* LaunchScreen.storyboard */,
			);
			path = Resource;
			sourceTree = "<group>";
		};
		235E1985296BDD91004D18AB /* Base */ = {
			isa = PBXGroup;
			children = (
			);
			path = Base;
			sourceTree = "<group>";
		};
		235E1986296BDD9B004D18AB /* Network */ = {
			isa = PBXGroup;
			children = (
			);
			path = Network;
			sourceTree = "<group>";
		};
		235E1987296BDDB0004D18AB /* Extension */ = {
			isa = PBXGroup;
			children = (
			);
			path = Extension;
			sourceTree = "<group>";
		};
		235E1988296BDDB9004D18AB /* View */ = {
			isa = PBXGroup;
			children = (
			);
			path = View;
			sourceTree = "<group>";
		};
		235E1989296BDDBD004D18AB /* ViewController */ = {
			isa = PBXGroup;
			children = (
				235E1972296BD8C0004D18AB /* ViewController.swift */,
			);
			path = ViewController;
			sourceTree = "<group>";
		};
		235E198A296BE33B004D18AB /* Support */ = {
			isa = PBXGroup;
			children = (
				235E197C296BD8C1004D18AB /* Info.plist */,
			);
			path = Support;
			sourceTree = "<group>";
		};
/* End PBXGroup section */

/* Begin PBXNativeTarget section */
		235E196A296BD8C0004D18AB /* Cassetie-iOS */ = {
			isa = PBXNativeTarget;
			buildConfigurationList = 235E197F296BD8C1004D18AB /* Build configuration list for PBXNativeTarget "Cassetie-iOS" */;
			buildPhases = (
				235E1967296BD8C0004D18AB /* Sources */,
				235E1968296BD8C0004D18AB /* Frameworks */,
				235E1969296BD8C0004D18AB /* Resources */,
			);
			buildRules = (
			);
			dependencies = (
			);
			name = "Cassetie-iOS";
			packageProductDependencies = (
				235E198C296BE3B7004D18AB /* SnapKit */,
				235E198F296BE3C1004D18AB /* Then */,
				235E1992296BE445004D18AB /* RxCocoa */,
				235E1994296BE445004D18AB /* RxCocoa-Dynamic */,
				235E1996296BE445004D18AB /* RxSwift */,
				235E1998296BE445004D18AB /* RxSwift-Dynamic */,
			);
			productName = "Cassetie-iOS";
			productReference = 235E196B296BD8C0004D18AB /* Cassetie-iOS.app */;
			productType = "com.apple.product-type.application";
		};
/* End PBXNativeTarget section */

/* Begin PBXProject section */
		235E1963296BD8C0004D18AB /* Project object */ = {
			isa = PBXProject;
			attributes = {
				BuildIndependentTargetsInParallel = 1;
				LastSwiftUpdateCheck = 1400;
				LastUpgradeCheck = 1400;
				TargetAttributes = {
					235E196A296BD8C0004D18AB = {
						CreatedOnToolsVersion = 14.0.1;
					};
				};
			};
			buildConfigurationList = 235E1966296BD8C0004D18AB /* Build configuration list for PBXProject "Cassetie-iOS" */;
			compatibilityVersion = "Xcode 14.0";
			developmentRegion = en;
			hasScannedForEncodings = 0;
			knownRegions = (
				en,
				Base,
			);
			mainGroup = 235E1962296BD8C0004D18AB;
			packageReferences = (
				235E198B296BE3B7004D18AB /* XCRemoteSwiftPackageReference "SnapKit" */,
				235E198E296BE3C1004D18AB /* XCRemoteSwiftPackageReference "Then" */,
				235E1991296BE445004D18AB /* XCRemoteSwiftPackageReference "RxSwift" */,
			);
			productRefGroup = 235E196C296BD8C0004D18AB /* Products */;
			projectDirPath = "";
			projectRoot = "";
			targets = (
				235E196A296BD8C0004D18AB /* Cassetie-iOS */,
			);
		};
/* End PBXProject section */

/* Begin PBXResourcesBuildPhase section */
		235E1969296BD8C0004D18AB /* Resources */ = {
			isa = PBXResourcesBuildPhase;
			buildActionMask = 2147483647;
			files = (
				235E197B296BD8C1004D18AB /* LaunchScreen.storyboard in Resources */,
				235E1978296BD8C1004D18AB /* Assets.xcassets in Resources */,
			);
			runOnlyForDeploymentPostprocessing = 0;
		};
/* End PBXResourcesBuildPhase section */

/* Begin PBXSourcesBuildPhase section */
		235E1967296BD8C0004D18AB /* Sources */ = {
			isa = PBXSourcesBuildPhase;
			buildActionMask = 2147483647;
			files = (
				235E1973296BD8C0004D18AB /* ViewController.swift in Sources */,
				235E196F296BD8C0004D18AB /* AppDelegate.swift in Sources */,
				235E1971296BD8C0004D18AB /* SceneDelegate.swift in Sources */,
			);
			runOnlyForDeploymentPostprocessing = 0;
		};
/* End PBXSourcesBuildPhase section */

/* Begin PBXVariantGroup section */
		235E1979296BD8C1004D18AB /* LaunchScreen.storyboard */ = {
			isa = PBXVariantGroup;
			children = (
				235E197A296BD8C1004D18AB /* Base */,
			);
			name = LaunchScreen.storyboard;
			sourceTree = "<group>";
		};
/* End PBXVariantGroup section */

/* Begin XCBuildConfiguration section */
		235E197D296BD8C1004D18AB /* Debug */ = {
			isa = XCBuildConfiguration;
			buildSettings = {
				ALWAYS_SEARCH_USER_PATHS = NO;
				CLANG_ANALYZER_NONNULL = YES;
				CLANG_ANALYZER_NUMBER_OBJECT_CONVERSION = YES_AGGRESSIVE;
				CLANG_CXX_LANGUAGE_STANDARD = "gnu++20";
				CLANG_ENABLE_MODULES = YES;
				CLANG_ENABLE_OBJC_ARC = YES;
				CLANG_ENABLE_OBJC_WEAK = YES;
				CLANG_WARN_BLOCK_CAPTURE_AUTORELEASING = YES;
				CLANG_WARN_BOOL_CONVERSION = YES;
				CLANG_WARN_COMMA = YES;
				CLANG_WARN_CONSTANT_CONVERSION = YES;
				CLANG_WARN_DEPRECATED_OBJC_IMPLEMENTATIONS = YES;
				CLANG_WARN_DIRECT_OBJC_ISA_USAGE = YES_ERROR;
				CLANG_WARN_DOCUMENTATION_COMMENTS = YES;
				CLANG_WARN_EMPTY_BODY = YES;
				CLANG_WARN_ENUM_CONVERSION = YES;
				CLANG_WARN_INFINITE_RECURSION = YES;
				CLANG_WARN_INT_CONVERSION = YES;
				CLANG_WARN_NON_LITERAL_NULL_CONVERSION = YES;
				CLANG_WARN_OBJC_IMPLICIT_RETAIN_SELF = YES;
				CLANG_WARN_OBJC_LITERAL_CONVERSION = YES;
				CLANG_WARN_OBJC_ROOT_CLASS = YES_ERROR;
				CLANG_WARN_QUOTED_INCLUDE_IN_FRAMEWORK_HEADER = YES;
				CLANG_WARN_RANGE_LOOP_ANALYSIS = YES;
				CLANG_WARN_STRICT_PROTOTYPES = YES;
				CLANG_WARN_SUSPICIOUS_MOVE = YES;
				CLANG_WARN_UNGUARDED_AVAILABILITY = YES_AGGRESSIVE;
				CLANG_WARN_UNREACHABLE_CODE = YES;
				CLANG_WARN__DUPLICATE_METHOD_MATCH = YES;
				COPY_PHASE_STRIP = NO;
				DEBUG_INFORMATION_FORMAT = dwarf;
				ENABLE_STRICT_OBJC_MSGSEND = YES;
				ENABLE_TESTABILITY = YES;
				GCC_C_LANGUAGE_STANDARD = gnu11;
				GCC_DYNAMIC_NO_PIC = NO;
				GCC_NO_COMMON_BLOCKS = YES;
				GCC_OPTIMIZATION_LEVEL = 0;
				GCC_PREPROCESSOR_DEFINITIONS = (
					"DEBUG=1",
					"$(inherited)",
				);
				GCC_WARN_64_TO_32_BIT_CONVERSION = YES;
				GCC_WARN_ABOUT_RETURN_TYPE = YES_ERROR;
				GCC_WARN_UNDECLARED_SELECTOR = YES;
				GCC_WARN_UNINITIALIZED_AUTOS = YES_AGGRESSIVE;
				GCC_WARN_UNUSED_FUNCTION = YES;
				GCC_WARN_UNUSED_VARIABLE = YES;
				IPHONEOS_DEPLOYMENT_TARGET = 16.0;
				MTL_ENABLE_DEBUG_INFO = INCLUDE_SOURCE;
				MTL_FAST_MATH = YES;
				ONLY_ACTIVE_ARCH = YES;
				SDKROOT = iphoneos;
				SWIFT_ACTIVE_COMPILATION_CONDITIONS = DEBUG;
				SWIFT_OPTIMIZATION_LEVEL = "-Onone";
			};
			name = Debug;
		};
		235E197E296BD8C1004D18AB /* Release */ = {
			isa = XCBuildConfiguration;
			buildSettings = {
				ALWAYS_SEARCH_USER_PATHS = NO;
				CLANG_ANALYZER_NONNULL = YES;
				CLANG_ANALYZER_NUMBER_OBJECT_CONVERSION = YES_AGGRESSIVE;
				CLANG_CXX_LANGUAGE_STANDARD = "gnu++20";
				CLANG_ENABLE_MODULES = YES;
				CLANG_ENABLE_OBJC_ARC = YES;
				CLANG_ENABLE_OBJC_WEAK = YES;
				CLANG_WARN_BLOCK_CAPTURE_AUTORELEASING = YES;
				CLANG_WARN_BOOL_CONVERSION = YES;
				CLANG_WARN_COMMA = YES;
				CLANG_WARN_CONSTANT_CONVERSION = YES;
				CLANG_WARN_DEPRECATED_OBJC_IMPLEMENTATIONS = YES;
				CLANG_WARN_DIRECT_OBJC_ISA_USAGE = YES_ERROR;
				CLANG_WARN_DOCUMENTATION_COMMENTS = YES;
				CLANG_WARN_EMPTY_BODY = YES;
				CLANG_WARN_ENUM_CONVERSION = YES;
				CLANG_WARN_INFINITE_RECURSION = YES;
				CLANG_WARN_INT_CONVERSION = YES;
				CLANG_WARN_NON_LITERAL_NULL_CONVERSION = YES;
				CLANG_WARN_OBJC_IMPLICIT_RETAIN_SELF = YES;
				CLANG_WARN_OBJC_LITERAL_CONVERSION = YES;
				CLANG_WARN_OBJC_ROOT_CLASS = YES_ERROR;
				CLANG_WARN_QUOTED_INCLUDE_IN_FRAMEWORK_HEADER = YES;
				CLANG_WARN_RANGE_LOOP_ANALYSIS = YES;
				CLANG_WARN_STRICT_PROTOTYPES = YES;
				CLANG_WARN_SUSPICIOUS_MOVE = YES;
				CLANG_WARN_UNGUARDED_AVAILABILITY = YES_AGGRESSIVE;
				CLANG_WARN_UNREACHABLE_CODE = YES;
				CLANG_WARN__DUPLICATE_METHOD_MATCH = YES;
				COPY_PHASE_STRIP = NO;
				DEBUG_INFORMATION_FORMAT = "dwarf-with-dsym";
				ENABLE_NS_ASSERTIONS = NO;
				ENABLE_STRICT_OBJC_MSGSEND = YES;
				GCC_C_LANGUAGE_STANDARD = gnu11;
				GCC_NO_COMMON_BLOCKS = YES;
				GCC_WARN_64_TO_32_BIT_CONVERSION = YES;
				GCC_WARN_ABOUT_RETURN_TYPE = YES_ERROR;
				GCC_WARN_UNDECLARED_SELECTOR = YES;
				GCC_WARN_UNINITIALIZED_AUTOS = YES_AGGRESSIVE;
				GCC_WARN_UNUSED_FUNCTION = YES;
				GCC_WARN_UNUSED_VARIABLE = YES;
				IPHONEOS_DEPLOYMENT_TARGET = 16.0;
				MTL_ENABLE_DEBUG_INFO = NO;
				MTL_FAST_MATH = YES;
				SDKROOT = iphoneos;
				SWIFT_COMPILATION_MODE = wholemodule;
				SWIFT_OPTIMIZATION_LEVEL = "-O";
				VALIDATE_PRODUCT = YES;
			};
			name = Release;
		};
		235E1980296BD8C1004D18AB /* Debug */ = {
			isa = XCBuildConfiguration;
			buildSettings = {
				ASSETCATALOG_COMPILER_APPICON_NAME = AppIcon;
				ASSETCATALOG_COMPILER_GLOBAL_ACCENT_COLOR_NAME = AccentColor;
				CODE_SIGN_STYLE = Automatic;
				CURRENT_PROJECT_VERSION = 1;
				DEVELOPMENT_TEAM = 272QNH7NKN;
				GENERATE_INFOPLIST_FILE = YES;
				INFOPLIST_FILE = "Cassetie-iOS/Info.plist";
				INFOPLIST_KEY_UIApplicationSupportsIndirectInputEvents = YES;
				INFOPLIST_KEY_UILaunchStoryboardName = LaunchScreen;
				INFOPLIST_KEY_UIMainStoryboardFile = "";
				INFOPLIST_KEY_UISupportedInterfaceOrientations_iPad = "UIInterfaceOrientationPortrait UIInterfaceOrientationPortraitUpsideDown UIInterfaceOrientationLandscapeLeft UIInterfaceOrientationLandscapeRight";
				INFOPLIST_KEY_UISupportedInterfaceOrientations_iPhone = "UIInterfaceOrientationPortrait UIInterfaceOrientationLandscapeLeft UIInterfaceOrientationLandscapeRight";
				LD_RUNPATH_SEARCH_PATHS = (
					"$(inherited)",
					"@executable_path/Frameworks",
				);
				MARKETING_VERSION = 1.0;
				PRODUCT_BUNDLE_IDENTIFIER = "team-TBSC.Cassetie-iOS";
				PRODUCT_NAME = "$(TARGET_NAME)";
				SUPPORTED_PLATFORMS = "iphoneos iphonesimulator";
				SUPPORTS_MACCATALYST = NO;
				SUPPORTS_MAC_DESIGNED_FOR_IPHONE_IPAD = NO;
				SWIFT_EMIT_LOC_STRINGS = YES;
				SWIFT_VERSION = 5.0;
				TARGETED_DEVICE_FAMILY = 1;
			};
			name = Debug;
		};
		235E1981296BD8C1004D18AB /* Release */ = {
			isa = XCBuildConfiguration;
			buildSettings = {
				ASSETCATALOG_COMPILER_APPICON_NAME = AppIcon;
				ASSETCATALOG_COMPILER_GLOBAL_ACCENT_COLOR_NAME = AccentColor;
				CODE_SIGN_STYLE = Automatic;
				CURRENT_PROJECT_VERSION = 1;
				DEVELOPMENT_TEAM = 272QNH7NKN;
				GENERATE_INFOPLIST_FILE = YES;
				INFOPLIST_FILE = "Cassetie-iOS/Info.plist";
				INFOPLIST_KEY_UIApplicationSupportsIndirectInputEvents = YES;
				INFOPLIST_KEY_UILaunchStoryboardName = LaunchScreen;
				INFOPLIST_KEY_UIMainStoryboardFile = "";
				INFOPLIST_KEY_UISupportedInterfaceOrientations_iPad = "UIInterfaceOrientationPortrait UIInterfaceOrientationPortraitUpsideDown UIInterfaceOrientationLandscapeLeft UIInterfaceOrientationLandscapeRight";
				INFOPLIST_KEY_UISupportedInterfaceOrientations_iPhone = "UIInterfaceOrientationPortrait UIInterfaceOrientationLandscapeLeft UIInterfaceOrientationLandscapeRight";
				LD_RUNPATH_SEARCH_PATHS = (
					"$(inherited)",
					"@executable_path/Frameworks",
				);
				MARKETING_VERSION = 1.0;
				PRODUCT_BUNDLE_IDENTIFIER = "team-TBSC.Cassetie-iOS";
				PRODUCT_NAME = "$(TARGET_NAME)";
				SUPPORTED_PLATFORMS = "iphoneos iphonesimulator";
				SUPPORTS_MACCATALYST = NO;
				SUPPORTS_MAC_DESIGNED_FOR_IPHONE_IPAD = NO;
				SWIFT_EMIT_LOC_STRINGS = YES;
				SWIFT_VERSION = 5.0;
				TARGETED_DEVICE_FAMILY = 1;
			};
			name = Release;
		};
/* End XCBuildConfiguration section */

/* Begin XCConfigurationList section */
		235E1966296BD8C0004D18AB /* Build configuration list for PBXProject "Cassetie-iOS" */ = {
			isa = XCConfigurationList;
			buildConfigurations = (
				235E197D296BD8C1004D18AB /* Debug */,
				235E197E296BD8C1004D18AB /* Release */,
			);
			defaultConfigurationIsVisible = 0;
			defaultConfigurationName = Release;
		};
		235E197F296BD8C1004D18AB /* Build configuration list for PBXNativeTarget "Cassetie-iOS" */ = {
			isa = XCConfigurationList;
			buildConfigurations = (
				235E1980296BD8C1004D18AB /* Debug */,
				235E1981296BD8C1004D18AB /* Release */,
			);
			defaultConfigurationIsVisible = 0;
			defaultConfigurationName = Release;
		};
/* End XCConfigurationList section */

/* Begin XCRemoteSwiftPackageReference section */
		235E198B296BE3B7004D18AB /* XCRemoteSwiftPackageReference "SnapKit" */ = {
			isa = XCRemoteSwiftPackageReference;
			repositoryURL = "https://github.com/SnapKit/SnapKit";
			requirement = {
				kind = upToNextMajorVersion;
				minimumVersion = 5.0.0;
			};
		};
		235E198E296BE3C1004D18AB /* XCRemoteSwiftPackageReference "Then" */ = {
			isa = XCRemoteSwiftPackageReference;
			repositoryURL = "https://github.com/devxoul/Then";
			requirement = {
				branch = master;
				kind = branch;
			};
		};
		235E1991296BE445004D18AB /* XCRemoteSwiftPackageReference "RxSwift" */ = {
			isa = XCRemoteSwiftPackageReference;
			repositoryURL = "https://github.com/ReactiveX/RxSwift";
			requirement = {
				branch = main;
				kind = branch;
			};
		};
/* End XCRemoteSwiftPackageReference section */

/* Begin XCSwiftPackageProductDependency section */
		235E198C296BE3B7004D18AB /* SnapKit */ = {
			isa = XCSwiftPackageProductDependency;
			package = 235E198B296BE3B7004D18AB /* XCRemoteSwiftPackageReference "SnapKit" */;
			productName = SnapKit;
		};
		235E198F296BE3C1004D18AB /* Then */ = {
			isa = XCSwiftPackageProductDependency;
			package = 235E198E296BE3C1004D18AB /* XCRemoteSwiftPackageReference "Then" */;
			productName = Then;
		};
		235E1992296BE445004D18AB /* RxCocoa */ = {
			isa = XCSwiftPackageProductDependency;
			package = 235E1991296BE445004D18AB /* XCRemoteSwiftPackageReference "RxSwift" */;
			productName = RxCocoa;
		};
		235E1994296BE445004D18AB /* RxCocoa-Dynamic */ = {
			isa = XCSwiftPackageProductDependency;
			package = 235E1991296BE445004D18AB /* XCRemoteSwiftPackageReference "RxSwift" */;
			productName = "RxCocoa-Dynamic";
		};
		235E1996296BE445004D18AB /* RxSwift */ = {
			isa = XCSwiftPackageProductDependency;
			package = 235E1991296BE445004D18AB /* XCRemoteSwiftPackageReference "RxSwift" */;
			productName = RxSwift;
		};
		235E1998296BE445004D18AB /* RxSwift-Dynamic */ = {
			isa = XCSwiftPackageProductDependency;
			package = 235E1991296BE445004D18AB /* XCRemoteSwiftPackageReference "RxSwift" */;
			productName = "RxSwift-Dynamic";
		};
/* End XCSwiftPackageProductDependency section */
	};
	rootObject = 235E1963296BD8C0004D18AB /* Project object */;
}
