PODS:
  - Differentiator (5.0.0)
  - Gifu (3.3.1)
  - Kingfisher (7.2.2)
  - ReactorKit (3.2.0):
    - RxSwift (~> 6.0)
    - WeakMapTable (~> 1.1)
  - RxCocoa (6.5.0):
    - RxRelay (= 6.5.0)
    - RxSwift (= 6.5.0)
  - RxDataSources (5.0.0):
    - Differentiator (~> 5.0)
    - RxCocoa (~> 6.0)
    - RxSwift (~> 6.0)
  - RxGesture (4.0.4):
    - RxCocoa (~> 6.0)
    - RxSwift (~> 6.0)
  - RxRelay (6.5.0):
    - RxSwift (= 6.5.0)
  - RxSwift (6.5.0)
  - RxViewController (2.0.0):
    - RxCocoa (~> 6.0)
    - RxSwift (~> 6.0)
  - SnapKit (5.6.0)
  - WeakMapTable (1.2.0)

DEPENDENCIES:
  - Gifu
  - Kingfisher
  - ReactorKit
  - RxCocoa (= 6.5.0)
  - RxDataSources
  - RxGesture
  - RxSwift (= 6.5.0)
  - RxViewController
  - SnapKit

SPEC REPOS:
  trunk:
    - Differentiator
    - Gifu
    - Kingfisher
    - ReactorKit
    - RxCocoa
    - RxDataSources
    - RxGesture
    - RxRelay
    - RxSwift
    - RxViewController
    - SnapKit
    - WeakMapTable

SPEC CHECKSUMS:
  Differentiator: e8497ceab83c1b10ca233716d547b9af21b9344d
  Gifu: 416d4e38c4c2fed012f019e0a1d3ffcb58e5b842
  Kingfisher: 184d4d1a8c36666e663caf8e08abe87898595c53
  ReactorKit: e8b11d6b9c415405f381669b095c154a05b59eca
  RxCocoa: 94f817b71c07517321eb4f9ad299112ca8af743b
  RxDataSources: aa47cc1ed6c500fa0dfecac5c979b723542d79cf
  RxGesture: f3efb47ed2d26a8082f7b660d4a59970e275a7f8
  RxRelay: 1de1523e604c72b6c68feadedd1af3b1b4d0ecbd
  RxSwift: 5710a9e6b17f3c3d6e40d6e559b9fa1e813b2ef8
  RxViewController: 56486fa0afd629a1d6b5ba077f3b8cd9dc31b5d2
  SnapKit: e01d52ebb8ddbc333eefe2132acf85c8227d9c25
  WeakMapTable: 05c694ce8439a7a9ebabb56187287a63c57673d6

PODFILE CHECKSUM: 1601666392c93e64922bf1c31b5851eadb7d509b

COCOAPODS: 1.11.3
