PODS:
  - Alamofire (5.6.4)
  - Differentiator (5.0.0)
  - Gifu (3.3.1)
  - Kingfisher (7.6.2)
  - Moya/Core (15.0.0):
    - Alamofire (~> 5.0)
  - Moya/RxSwift (15.0.0):
    - Moya/Core
    - RxSwift (~> 6.0)
  - ReactorKit (3.2.0):
    - RxSwift (~> 6.0)
    - WeakMapTable (~> 1.1)
  - RxCocoa (6.5.0):
    - RxRelay (= 6.5.0)
    - RxSwift (= 6.5.0)
  - RxDataSources (5.0.0):
    - Differentiator (~> 5.0)
    - RxCocoa (~> 6.0)
    - RxSwift (~> 6.0)
  - RxGesture (4.0.4):
    - RxCocoa (~> 6.0)
    - RxSwift (~> 6.0)
  - RxRelay (6.5.0):
    - RxSwift (= 6.5.0)
  - RxSwift (6.5.0)
  - RxViewController (2.0.0):
    - RxCocoa (~> 6.0)
    - RxSwift (~> 6.0)
  - SnapKit (5.6.0)
  - WeakMapTable (1.2.0)

DEPENDENCIES:
  - Gifu
  - Kingfisher
  - Moya/RxSwift
  - ReactorKit
  - RxCocoa (= 6.5.0)
  - RxDataSources
  - RxGesture
  - RxSwift
  - RxViewController
  - SnapKit

SPEC REPOS:
  trunk:
    - Alamofire
    - Differentiator
    - Gifu
    - Kingfisher
    - Moya
    - ReactorKit
    - RxCocoa
    - RxDataSources
    - RxGesture
    - RxRelay
    - RxSwift
    - RxViewController
    - SnapKit
    - WeakMapTable

SPEC CHECKSUMS:
  Alamofire: 4e95d97098eacb88856099c4fc79b526a299e48c
  Differentiator: e8497ceab83c1b10ca233716d547b9af21b9344d
  Gifu: 416d4e38c4c2fed012f019e0a1d3ffcb58e5b842
  Kingfisher: 6c5449c6450c5239166510ba04afe374a98afc4f
  Moya: 138f0573e53411fb3dc17016add0b748dfbd78ee
  ReactorKit: e8b11d6b9c415405f381669b095c154a05b59eca
  RxCocoa: 94f817b71c07517321eb4f9ad299112ca8af743b
  RxDataSources: aa47cc1ed6c500fa0dfecac5c979b723542d79cf
  RxGesture: f3efb47ed2d26a8082f7b660d4a59970e275a7f8
  RxRelay: 1de1523e604c72b6c68feadedd1af3b1b4d0ecbd
  RxSwift: 5710a9e6b17f3c3d6e40d6e559b9fa1e813b2ef8
  RxViewController: 56486fa0afd629a1d6b5ba077f3b8cd9dc31b5d2
  SnapKit: e01d52ebb8ddbc333eefe2132acf85c8227d9c25
  WeakMapTable: 05c694ce8439a7a9ebabb56187287a63c57673d6

PODFILE CHECKSUM: febf02455d1d3c540c4e6884b855b960e1a29eaa

COCOAPODS: 1.12.0
